
Microsoft Visual Studio Solution File, Format Version 12.00
# Visual Studio Version 17
VisualStudioVersion = 17.0.32014.148
MinimumVisualStudioVersion = 10.0.40219.1
Project("{FAE04EC0-301F-11D3-BF4B-00C04F79EFBC}") = "DoublyLinkedList", "DoublyLinkedList\DoublyLinkedList.csproj", "{2EBB802A-84B9-4114-B4B3-A8D4FABB6D27}"
EndProject
Global
	GlobalSection(SolutionConfigurationPlatforms) = preSolution
		Debug|Any CPU = Debug|Any CPU
		Release|Any CPU = Release|Any CPU
	EndGlobalSection
	GlobalSection(ProjectConfigurationPlatforms) = postSolution
		{2EBB802A-84B9-4114-B4B3-A8D4FABB6D27}.Debug|Any CPU.ActiveCfg = Debug|Any CPU
		{2EBB802A-84B9-4114-B4B3-A8D4FABB6D27}.Debug|Any CPU.Build.0 = Debug|Any CPU
		{2EBB802A-84B9-4114-B4B3-A8D4FABB6D27}.Release|Any CPU.ActiveCfg = Release|Any CPU
		{2EBB802A-84B9-4114-B4B3-A8D4FABB6D27}.Release|Any CPU.Build.0 = Release|Any CPU
	EndGlobalSection
	GlobalSection(SolutionProperties) = preSolution
		HideSolutionNode = FALSE
	EndGlobalSection
	GlobalSection(ExtensibilityGlobals) = postSolution
		SolutionGuid = {01F3298C-C2E7-4CE8-B1DB-22D1407ACC4A}
	EndGlobalSection
EndGlobal
